// !$*UTF8*$!
{
	archiveVersion = 1;
	classes = {
	};
	objectVersion = 46;
	objects = {

/* Begin PBXBuildFile section */
		048FE291206E9C7B007CEFCF /* AppDelegate.swift in Sources */ = {isa = PBXBuildFile; fileRef = 048FE290206E9C7B007CEFCF /* AppDelegate.swift */; };
		048FE293206E9C7B007CEFCF /* ViewController.swift in Sources */ = {isa = PBXBuildFile; fileRef = 048FE292206E9C7B007CEFCF /* ViewController.swift */; };
		048FE296206E9C7B007CEFCF /* Main.storyboard in Resources */ = {isa = PBXBuildFile; fileRef = 048FE294206E9C7B007CEFCF /* Main.storyboard */; };
		048FE298206E9C7B007CEFCF /* Assets.xcassets in Resources */ = {isa = PBXBuildFile; fileRef = 048FE297206E9C7B007CEFCF /* Assets.xcassets */; };
		048FE29B206E9C7B007CEFCF /* LaunchScreen.storyboard in Resources */ = {isa = PBXBuildFile; fileRef = 048FE299206E9C7B007CEFCF /* LaunchScreen.storyboard */; };
		048FE2F6206E9E86007CEFCF /* RxSwift.framework in Frameworks */ = {isa = PBXBuildFile; fileRef = 048FE2BA206E9CEA007CEFCF /* RxSwift.framework */; };
		048FE2F7206E9E94007CEFCF /* RxCocoa.framework in Frameworks */ = {isa = PBXBuildFile; fileRef = 048FE2C2206E9CEA007CEFCF /* RxCocoa.framework */; };
/* End PBXBuildFile section */

/* Begin PBXContainerItemProxy section */
		048FE2B9206E9CEA007CEFCF /* PBXContainerItemProxy */ = {
			isa = PBXContainerItemProxy;
			containerPortal = 048FE2A2206E9CE9007CEFCF /* Rx.xcodeproj */;
			proxyType = 2;
			remoteGlobalIDString = C8A56AD71AD7424700B4673B;
			remoteInfo = "RxSwift-iOS";
		};
		048FE2BB206E9CEA007CEFCF /* PBXContainerItemProxy */ = {
			isa = PBXContainerItemProxy;
			containerPortal = 048FE2A2206E9CE9007CEFCF /* Rx.xcodeproj */;
			proxyType = 2;
			remoteGlobalIDString = C88BB8711B07E5ED0064D411;
			remoteInfo = "RxSwift-OSX";
		};
		048FE2BD206E9CEA007CEFCF /* PBXContainerItemProxy */ = {
			isa = PBXContainerItemProxy;
			containerPortal = 048FE2A2206E9CE9007CEFCF /* Rx.xcodeproj */;
			proxyType = 2;
			remoteGlobalIDString = D2EA280C1BB9B5A200880ED3;
			remoteInfo = "RxSwift-tvOS";
		};
		048FE2BF206E9CEA007CEFCF /* PBXContainerItemProxy */ = {
			isa = PBXContainerItemProxy;
			containerPortal = 048FE2A2206E9CE9007CEFCF /* Rx.xcodeproj */;
			proxyType = 2;
			remoteGlobalIDString = C8F0C0021BBBFB8B001B112F;
			remoteInfo = "RxSwift-watchOS";
		};
		048FE2C1206E9CEA007CEFCF /* PBXContainerItemProxy */ = {
			isa = PBXContainerItemProxy;
			containerPortal = 048FE2A2206E9CE9007CEFCF /* Rx.xcodeproj */;
			proxyType = 2;
			remoteGlobalIDString = C809396D1B8A71760088E94D;
			remoteInfo = "RxCocoa-iOS";
		};
		048FE2C3206E9CEA007CEFCF /* PBXContainerItemProxy */ = {
			isa = PBXContainerItemProxy;
			containerPortal = 048FE2A2206E9CE9007CEFCF /* Rx.xcodeproj */;
			proxyType = 2;
			remoteGlobalIDString = C80939E71B8A71840088E94D;
			remoteInfo = "RxCocoa-OSX";
		};
		048FE2C5206E9CEA007CEFCF /* PBXContainerItemProxy */ = {
			isa = PBXContainerItemProxy;
			containerPortal = 048FE2A2206E9CE9007CEFCF /* Rx.xcodeproj */;
			proxyType = 2;
			remoteGlobalIDString = D2138C751BB9BE9800339B5C;
			remoteInfo = "RxCocoa-tvOS";
		};
		048FE2C7206E9CEA007CEFCF /* PBXContainerItemProxy */ = {
			isa = PBXContainerItemProxy;
			containerPortal = 048FE2A2206E9CE9007CEFCF /* Rx.xcodeproj */;
			proxyType = 2;
			remoteGlobalIDString = C8F0C04B1BBBFBB9001B112F;
			remoteInfo = "RxCocoa-watchOS";
		};
		048FE2C9206E9CEA007CEFCF /* PBXContainerItemProxy */ = {
			isa = PBXContainerItemProxy;
			containerPortal = 048FE2A2206E9CE9007CEFCF /* Rx.xcodeproj */;
			proxyType = 2;
			remoteGlobalIDString = C8093BC71B8A71F00088E94D;
			remoteInfo = "RxBlocking-iOS";
		};
		048FE2CB206E9CEA007CEFCF /* PBXContainerItemProxy */ = {
			isa = PBXContainerItemProxy;
			containerPortal = 048FE2A2206E9CE9007CEFCF /* Rx.xcodeproj */;
			proxyType = 2;
			remoteGlobalIDString = C8093C451B8A71FC0088E94D;
			remoteInfo = "RxBlocking-OSX";
		};
		048FE2CD206E9CEA007CEFCF /* PBXContainerItemProxy */ = {
			isa = PBXContainerItemProxy;
			containerPortal = 048FE2A2206E9CE9007CEFCF /* Rx.xcodeproj */;
			proxyType = 2;
			remoteGlobalIDString = D2EBEB811BB9B99D003A27DC;
			remoteInfo = "RxBlocking-tvOS";
		};
		048FE2CF206E9CEA007CEFCF /* PBXContainerItemProxy */ = {
			isa = PBXContainerItemProxy;
			containerPortal = 048FE2A2206E9CE9007CEFCF /* Rx.xcodeproj */;
			proxyType = 2;
			remoteGlobalIDString = C8F0C0581BBBFBCE001B112F;
			remoteInfo = "RxBlocking-watchOS";
		};
		048FE2D1206E9CEA007CEFCF /* PBXContainerItemProxy */ = {
			isa = PBXContainerItemProxy;
			containerPortal = 048FE2A2206E9CE9007CEFCF /* Rx.xcodeproj */;
			proxyType = 2;
			remoteGlobalIDString = C88FA50C1C25C44800CCFEA4;
			remoteInfo = "RxTests-iOS";
		};
		048FE2D3206E9CEA007CEFCF /* PBXContainerItemProxy */ = {
			isa = PBXContainerItemProxy;
			containerPortal = 048FE2A2206E9CE9007CEFCF /* Rx.xcodeproj */;
			proxyType = 2;
			remoteGlobalIDString = C88FA51D1C25C4B500CCFEA4;
			remoteInfo = "RxTests-OSX";
		};
		048FE2D5206E9CEA007CEFCF /* PBXContainerItemProxy */ = {
			isa = PBXContainerItemProxy;
			containerPortal = 048FE2A2206E9CE9007CEFCF /* Rx.xcodeproj */;
			proxyType = 2;
			remoteGlobalIDString = C88FA52E1C25C4C000CCFEA4;
			remoteInfo = "RxTests-tvOS";
		};
		048FE2D7206E9CEA007CEFCF /* PBXContainerItemProxy */ = {
			isa = PBXContainerItemProxy;
			containerPortal = 048FE2A2206E9CE9007CEFCF /* Rx.xcodeproj */;
			proxyType = 2;
			remoteGlobalIDString = C88FA53F1C25C4CC00CCFEA4;
			remoteInfo = "RxTests-watchOS";
		};
		048FE2D9206E9CEA007CEFCF /* PBXContainerItemProxy */ = {
			isa = PBXContainerItemProxy;
			containerPortal = 048FE2A2206E9CE9007CEFCF /* Rx.xcodeproj */;
			proxyType = 2;
			remoteGlobalIDString = C83508C31C386F6F0027C24C;
			remoteInfo = "AllTests-iOS";
		};
		048FE2DB206E9CEA007CEFCF /* PBXContainerItemProxy */ = {
			isa = PBXContainerItemProxy;
			containerPortal = 048FE2A2206E9CE9007CEFCF /* Rx.xcodeproj */;
			proxyType = 2;
			remoteGlobalIDString = C83509841C38740E0027C24C;
			remoteInfo = "AllTests-tvOS";
		};
		048FE2DD206E9CEA007CEFCF /* PBXContainerItemProxy */ = {
			isa = PBXContainerItemProxy;
			containerPortal = 048FE2A2206E9CE9007CEFCF /* Rx.xcodeproj */;
			proxyType = 2;
			remoteGlobalIDString = C83509941C38742C0027C24C;
			remoteInfo = "AllTests-OSX";
		};
		048FE2DF206E9CEA007CEFCF /* PBXContainerItemProxy */ = {
			isa = PBXContainerItemProxy;
			containerPortal = 048FE2A2206E9CE9007CEFCF /* Rx.xcodeproj */;
			proxyType = 2;
			remoteGlobalIDString = C85BA04B1C3878740075D68E;
			remoteInfo = PerformanceTests;
		};
/* End PBXContainerItemProxy section */

/* Begin PBXFileReference section */
		048FE28D206E9C7B007CEFCF /* RxCocoaTest.app */ = {isa = PBXFileReference; explicitFileType = wrapper.application; includeInIndex = 0; path = RxCocoaTest.app; sourceTree = BUILT_PRODUCTS_DIR; };
		048FE290206E9C7B007CEFCF /* AppDelegate.swift */ = {isa = PBXFileReference; lastKnownFileType = sourcecode.swift; path = AppDelegate.swift; sourceTree = "<group>"; };
		048FE292206E9C7B007CEFCF /* ViewController.swift */ = {isa = PBXFileReference; lastKnownFileType = sourcecode.swift; path = ViewController.swift; sourceTree = "<group>"; };
		048FE295206E9C7B007CEFCF /* Base */ = {isa = PBXFileReference; lastKnownFileType = file.storyboard; name = Base; path = Base.lproj/Main.storyboard; sourceTree = "<group>"; };
		048FE297206E9C7B007CEFCF /* Assets.xcassets */ = {isa = PBXFileReference; lastKnownFileType = folder.assetcatalog; path = Assets.xcassets; sourceTree = "<group>"; };
		048FE29A206E9C7B007CEFCF /* Base */ = {isa = PBXFileReference; lastKnownFileType = file.storyboard; name = Base; path = Base.lproj/LaunchScreen.storyboard; sourceTree = "<group>"; };
		048FE29C206E9C7B007CEFCF /* Info.plist */ = {isa = PBXFileReference; lastKnownFileType = text.plist.xml; path = Info.plist; sourceTree = "<group>"; };
		048FE2A2206E9CE9007CEFCF /* Rx.xcodeproj */ = {isa = PBXFileReference; lastKnownFileType = "wrapper.pb-project"; name = Rx.xcodeproj; path = Carthage/Checkouts/RxSwift/Rx.xcodeproj; sourceTree = "<group>"; };
/* End PBXFileReference section */

/* Begin PBXFrameworksBuildPhase section */
		048FE28A206E9C7B007CEFCF /* Frameworks */ = {
			isa = PBXFrameworksBuildPhase;
			buildActionMask = 2147483647;
			files = (
				048FE2F7206E9E94007CEFCF /* RxCocoa.framework in Frameworks */,
				048FE2F6206E9E86007CEFCF /* RxSwift.framework in Frameworks */,
			);
			runOnlyForDeploymentPostprocessing = 0;
		};
/* End PBXFrameworksBuildPhase section */

/* Begin PBXGroup section */
		048FE284206E9C7B007CEFCF = {
			isa = PBXGroup;
			children = (
				048FE2A2206E9CE9007CEFCF /* Rx.xcodeproj */,
				048FE28F206E9C7B007CEFCF /* RxCocoaTest */,
				048FE28E206E9C7B007CEFCF /* Products */,
			);
			sourceTree = "<group>";
		};
		048FE28E206E9C7B007CEFCF /* Products */ = {
			isa = PBXGroup;
			children = (
				048FE28D206E9C7B007CEFCF /* RxCocoaTest.app */,
			);
			name = Products;
			sourceTree = "<group>";
		};
		048FE28F206E9C7B007CEFCF /* RxCocoaTest */ = {
			isa = PBXGroup;
			children = (
				048FE290206E9C7B007CEFCF /* AppDelegate.swift */,
				048FE292206E9C7B007CEFCF /* ViewController.swift */,
				048FE294206E9C7B007CEFCF /* Main.storyboard */,
				048FE297206E9C7B007CEFCF /* Assets.xcassets */,
				048FE299206E9C7B007CEFCF /* LaunchScreen.storyboard */,
				048FE29C206E9C7B007CEFCF /* Info.plist */,
			);
			path = RxCocoaTest;
			sourceTree = "<group>";
		};
		048FE2A3206E9CE9007CEFCF /* Products */ = {
			isa = PBXGroup;
			children = (
				048FE2BA206E9CEA007CEFCF /* RxSwift.framework */,
				048FE2BC206E9CEA007CEFCF /* RxSwift.framework */,
				048FE2BE206E9CEA007CEFCF /* RxSwift.framework */,
				048FE2C0206E9CEA007CEFCF /* RxSwift.framework */,
				048FE2C2206E9CEA007CEFCF /* RxCocoa.framework */,
				048FE2C4206E9CEA007CEFCF /* RxCocoa.framework */,
				048FE2C6206E9CEA007CEFCF /* RxCocoa.framework */,
				048FE2C8206E9CEA007CEFCF /* RxCocoa.framework */,
				048FE2CA206E9CEA007CEFCF /* RxBlocking.framework */,
				048FE2CC206E9CEA007CEFCF /* RxBlocking.framework */,
				048FE2CE206E9CEA007CEFCF /* RxBlocking.framework */,
				048FE2D0206E9CEA007CEFCF /* RxBlocking.framework */,
				048FE2D2206E9CEA007CEFCF /* RxTests.framework */,
				048FE2D4206E9CEA007CEFCF /* RxTests.framework */,
				048FE2D6206E9CEA007CEFCF /* RxTests.framework */,
				048FE2D8206E9CEA007CEFCF /* RxTests.framework */,
				048FE2DA206E9CEA007CEFCF /* AllTests-iOS.xctest */,
				048FE2DC206E9CEA007CEFCF /* AllTests-tvOS.xctest */,
				048FE2DE206E9CEA007CEFCF /* AllTests-OSX.xctest */,
				048FE2E0206E9CEA007CEFCF /* PerformanceTests.app */,
			);
			name = Products;
			sourceTree = "<group>";
		};
/* End PBXGroup section */

/* Begin PBXNativeTarget section */
		048FE28C206E9C7B007CEFCF /* RxCocoaTest */ = {
			isa = PBXNativeTarget;
			buildConfigurationList = 048FE29F206E9C7B007CEFCF /* Build configuration list for PBXNativeTarget "RxCocoaTest" */;
			buildPhases = (
				048FE289206E9C7B007CEFCF /* Sources */,
				048FE28A206E9C7B007CEFCF /* Frameworks */,
				048FE28B206E9C7B007CEFCF /* Resources */,
			);
			buildRules = (
			);
			dependencies = (
			);
			name = RxCocoaTest;
			productName = RxCocoaTest;
			productReference = 048FE28D206E9C7B007CEFCF /* RxCocoaTest.app */;
			productType = "com.apple.product-type.application";
		};
/* End PBXNativeTarget section */

/* Begin PBXProject section */
		048FE285206E9C7B007CEFCF /* Project object */ = {
			isa = PBXProject;
			attributes = {
				LastSwiftUpdateCheck = 0820;
				LastUpgradeCheck = 0820;
				ORGANIZATIONNAME = "Dim Malysh";
				TargetAttributes = {
					048FE28C206E9C7B007CEFCF = {
						CreatedOnToolsVersion = 8.2.1;
						DevelopmentTeam = N87Y59YWEF;
						ProvisioningStyle = Automatic;
					};
				};
			};
			buildConfigurationList = 048FE288206E9C7B007CEFCF /* Build configuration list for PBXProject "RxCocoaTest" */;
			compatibilityVersion = "Xcode 3.2";
			developmentRegion = English;
			hasScannedForEncodings = 0;
			knownRegions = (
				en,
				Base,
			);
			mainGroup = 048FE284206E9C7B007CEFCF;
			productRefGroup = 048FE28E206E9C7B007CEFCF /* Products */;
			projectDirPath = "";
			projectReferences = (
				{
					ProductGroup = 048FE2A3206E9CE9007CEFCF /* Products */;
					ProjectRef = 048FE2A2206E9CE9007CEFCF /* Rx.xcodeproj */;
				},
			);
			projectRoot = "";
			targets = (
				048FE28C206E9C7B007CEFCF /* RxCocoaTest */,
			);
		};
/* End PBXProject section */

/* Begin PBXReferenceProxy section */
		048FE2BA206E9CEA007CEFCF /* RxSwift.framework */ = {
			isa = PBXReferenceProxy;
			fileType = wrapper.framework;
			path = RxSwift.framework;
			remoteRef = 048FE2B9206E9CEA007CEFCF /* PBXContainerItemProxy */;
			sourceTree = BUILT_PRODUCTS_DIR;
		};
		048FE2BC206E9CEA007CEFCF /* RxSwift.framework */ = {
			isa = PBXReferenceProxy;
			fileType = wrapper.framework;
			path = RxSwift.framework;
			remoteRef = 048FE2BB206E9CEA007CEFCF /* PBXContainerItemProxy */;
			sourceTree = BUILT_PRODUCTS_DIR;
		};
		048FE2BE206E9CEA007CEFCF /* RxSwift.framework */ = {
			isa = PBXReferenceProxy;
			fileType = wrapper.framework;
			path = RxSwift.framework;
			remoteRef = 048FE2BD206E9CEA007CEFCF /* PBXContainerItemProxy */;
			sourceTree = BUILT_PRODUCTS_DIR;
		};
		048FE2C0206E9CEA007CEFCF /* RxSwift.framework */ = {
			isa = PBXReferenceProxy;
			fileType = wrapper.framework;
			path = RxSwift.framework;
			remoteRef = 048FE2BF206E9CEA007CEFCF /* PBXContainerItemProxy */;
			sourceTree = BUILT_PRODUCTS_DIR;
		};
		048FE2C2206E9CEA007CEFCF /* RxCocoa.framework */ = {
			isa = PBXReferenceProxy;
			fileType = wrapper.framework;
			path = RxCocoa.framework;
			remoteRef = 048FE2C1206E9CEA007CEFCF /* PBXContainerItemProxy */;
			sourceTree = BUILT_PRODUCTS_DIR;
		};
		048FE2C4206E9CEA007CEFCF /* RxCocoa.framework */ = {
			isa = PBXReferenceProxy;
			fileType = wrapper.framework;
			path = RxCocoa.framework;
			remoteRef = 048FE2C3206E9CEA007CEFCF /* PBXContainerItemProxy */;
			sourceTree = BUILT_PRODUCTS_DIR;
		};
		048FE2C6206E9CEA007CEFCF /* RxCocoa.framework */ = {
			isa = PBXReferenceProxy;
			fileType = wrapper.framework;
			path = RxCocoa.framework;
			remoteRef = 048FE2C5206E9CEA007CEFCF /* PBXContainerItemProxy */;
			sourceTree = BUILT_PRODUCTS_DIR;
		};
		048FE2C8206E9CEA007CEFCF /* RxCocoa.framework */ = {
			isa = PBXReferenceProxy;
			fileType = wrapper.framework;
			path = RxCocoa.framework;
			remoteRef = 048FE2C7206E9CEA007CEFCF /* PBXContainerItemProxy */;
			sourceTree = BUILT_PRODUCTS_DIR;
		};
		048FE2CA206E9CEA007CEFCF /* RxBlocking.framework */ = {
			isa = PBXReferenceProxy;
			fileType = wrapper.framework;
			path = RxBlocking.framework;
			remoteRef = 048FE2C9206E9CEA007CEFCF /* PBXContainerItemProxy */;
			sourceTree = BUILT_PRODUCTS_DIR;
		};
		048FE2CC206E9CEA007CEFCF /* RxBlocking.framework */ = {
			isa = PBXReferenceProxy;
			fileType = wrapper.framework;
			path = RxBlocking.framework;
			remoteRef = 048FE2CB206E9CEA007CEFCF /* PBXContainerItemProxy */;
			sourceTree = BUILT_PRODUCTS_DIR;
		};
		048FE2CE206E9CEA007CEFCF /* RxBlocking.framework */ = {
			isa = PBXReferenceProxy;
			fileType = wrapper.framework;
			path = RxBlocking.framework;
			remoteRef = 048FE2CD206E9CEA007CEFCF /* PBXContainerItemProxy */;
			sourceTree = BUILT_PRODUCTS_DIR;
		};
		048FE2D0206E9CEA007CEFCF /* RxBlocking.framework */ = {
			isa = PBXReferenceProxy;
			fileType = wrapper.framework;
			path = RxBlocking.framework;
			remoteRef = 048FE2CF206E9CEA007CEFCF /* PBXContainerItemProxy */;
			sourceTree = BUILT_PRODUCTS_DIR;
		};
		048FE2D2206E9CEA007CEFCF /* RxTests.framework */ = {
			isa = PBXReferenceProxy;
			fileType = wrapper.framework;
			path = RxTests.framework;
			remoteRef = 048FE2D1206E9CEA007CEFCF /* PBXContainerItemProxy */;
			sourceTree = BUILT_PRODUCTS_DIR;
		};
		048FE2D4206E9CEA007CEFCF /* RxTests.framework */ = {
			isa = PBXReferenceProxy;
			fileType = wrapper.framework;
			path = RxTests.framework;
			remoteRef = 048FE2D3206E9CEA007CEFCF /* PBXContainerItemProxy */;
			sourceTree = BUILT_PRODUCTS_DIR;
		};
		048FE2D6206E9CEA007CEFCF /* RxTests.framework */ = {
			isa = PBXReferenceProxy;
			fileType = wrapper.framework;
			path = RxTests.framework;
			remoteRef = 048FE2D5206E9CEA007CEFCF /* PBXContainerItemProxy */;
			sourceTree = BUILT_PRODUCTS_DIR;
		};
		048FE2D8206E9CEA007CEFCF /* RxTests.framework */ = {
			isa = PBXReferenceProxy;
			fileType = wrapper.framework;
			path = RxTests.framework;
			remoteRef = 048FE2D7206E9CEA007CEFCF /* PBXContainerItemProxy */;
			sourceTree = BUILT_PRODUCTS_DIR;
		};
		048FE2DA206E9CEA007CEFCF /* AllTests-iOS.xctest */ = {
			isa = PBXReferenceProxy;
			fileType = wrapper.cfbundle;
			path = "AllTests-iOS.xctest";
			remoteRef = 048FE2D9206E9CEA007CEFCF /* PBXContainerItemProxy */;
			sourceTree = BUILT_PRODUCTS_DIR;
		};
		048FE2DC206E9CEA007CEFCF /* AllTests-tvOS.xctest */ = {
			isa = PBXReferenceProxy;
			fileType = wrapper.cfbundle;
			path = "AllTests-tvOS.xctest";
			remoteRef = 048FE2DB206E9CEA007CEFCF /* PBXContainerItemProxy */;
			sourceTree = BUILT_PRODUCTS_DIR;
		};
		048FE2DE206E9CEA007CEFCF /* AllTests-OSX.xctest */ = {
			isa = PBXReferenceProxy;
			fileType = wrapper.cfbundle;
			path = "AllTests-OSX.xctest";
			remoteRef = 048FE2DD206E9CEA007CEFCF /* PBXContainerItemProxy */;
			sourceTree = BUILT_PRODUCTS_DIR;
		};
		048FE2E0206E9CEA007CEFCF /* PerformanceTests.app */ = {
			isa = PBXReferenceProxy;
			fileType = wrapper.application;
			path = PerformanceTests.app;
			remoteRef = 048FE2DF206E9CEA007CEFCF /* PBXContainerItemProxy */;
			sourceTree = BUILT_PRODUCTS_DIR;
		};
/* End PBXReferenceProxy section */

/* Begin PBXResourcesBuildPhase section */
		048FE28B206E9C7B007CEFCF /* Resources */ = {
			isa = PBXResourcesBuildPhase;
			buildActionMask = 2147483647;
			files = (
				048FE29B206E9C7B007CEFCF /* LaunchScreen.storyboard in Resources */,
				048FE298206E9C7B007CEFCF /* Assets.xcassets in Resources */,
				048FE296206E9C7B007CEFCF /* Main.storyboard in Resources */,
			);
			runOnlyForDeploymentPostprocessing = 0;
		};
/* End PBXResourcesBuildPhase section */

/* Begin PBXSourcesBuildPhase section */
		048FE289206E9C7B007CEFCF /* Sources */ = {
			isa = PBXSourcesBuildPhase;
			buildActionMask = 2147483647;
			files = (
				048FE293206E9C7B007CEFCF /* ViewController.swift in Sources */,
				048FE291206E9C7B007CEFCF /* AppDelegate.swift in Sources */,
			);
			runOnlyForDeploymentPostprocessing = 0;
		};
/* End PBXSourcesBuildPhase section */

/* Begin PBXVariantGroup section */
		048FE294206E9C7B007CEFCF /* Main.storyboard */ = {
			isa = PBXVariantGroup;
			children = (
				048FE295206E9C7B007CEFCF /* Base */,
			);
			name = Main.storyboard;
			sourceTree = "<group>";
		};
		048FE299206E9C7B007CEFCF /* LaunchScreen.storyboard */ = {
			isa = PBXVariantGroup;
			children = (
				048FE29A206E9C7B007CEFCF /* Base */,
			);
			name = LaunchScreen.storyboard;
			sourceTree = "<group>";
		};
/* End PBXVariantGroup section */

/* Begin XCBuildConfiguration section */
		048FE29D206E9C7B007CEFCF /* Debug */ = {
			isa = XCBuildConfiguration;
			buildSettings = {
				ALWAYS_SEARCH_USER_PATHS = NO;
				CLANG_ANALYZER_NONNULL = YES;
				CLANG_CXX_LANGUAGE_STANDARD = "gnu++0x";
				CLANG_CXX_LIBRARY = "libc++";
				CLANG_ENABLE_MODULES = YES;
				CLANG_ENABLE_OBJC_ARC = YES;
				CLANG_WARN_BOOL_CONVERSION = YES;
				CLANG_WARN_CONSTANT_CONVERSION = YES;
				CLANG_WARN_DIRECT_OBJC_ISA_USAGE = YES_ERROR;
				CLANG_WARN_DOCUMENTATION_COMMENTS = YES;
				CLANG_WARN_EMPTY_BODY = YES;
				CLANG_WARN_ENUM_CONVERSION = YES;
				CLANG_WARN_INFINITE_RECURSION = YES;
				CLANG_WARN_INT_CONVERSION = YES;
				CLANG_WARN_OBJC_ROOT_CLASS = YES_ERROR;
				CLANG_WARN_SUSPICIOUS_MOVE = YES;
				CLANG_WARN_UNREACHABLE_CODE = YES;
				CLANG_WARN__DUPLICATE_METHOD_MATCH = YES;
				"CODE_SIGN_IDENTITY[sdk=iphoneos*]" = "iPhone Developer";
				COPY_PHASE_STRIP = NO;
				DEBUG_INFORMATION_FORMAT = dwarf;
				ENABLE_STRICT_OBJC_MSGSEND = YES;
				ENABLE_TESTABILITY = YES;
				GCC_C_LANGUAGE_STANDARD = gnu99;
				GCC_DYNAMIC_NO_PIC = NO;
				GCC_NO_COMMON_BLOCKS = YES;
				GCC_OPTIMIZATION_LEVEL = 0;
				GCC_PREPROCESSOR_DEFINITIONS = (
					"DEBUG=1",
					"$(inherited)",
				);
				GCC_WARN_64_TO_32_BIT_CONVERSION = YES;
				GCC_WARN_ABOUT_RETURN_TYPE = YES_ERROR;
				GCC_WARN_UNDECLARED_SELECTOR = YES;
				GCC_WARN_UNINITIALIZED_AUTOS = YES_AGGRESSIVE;
				GCC_WARN_UNUSED_FUNCTION = YES;
				GCC_WARN_UNUSED_VARIABLE = YES;
				IPHONEOS_DEPLOYMENT_TARGET = 10.2;
				MTL_ENABLE_DEBUG_INFO = YES;
				ONLY_ACTIVE_ARCH = YES;
				SDKROOT = iphoneos;
				SWIFT_ACTIVE_COMPILATION_CONDITIONS = DEBUG;
				SWIFT_OPTIMIZATION_LEVEL = "-Onone";
			};
			name = Debug;
		};
		048FE29E206E9C7B007CEFCF /* Release */ = {
			isa = XCBuildConfiguration;
			buildSettings = {
				ALWAYS_SEARCH_USER_PATHS = NO;
				CLANG_ANALYZER_NONNULL = YES;
				CLANG_CXX_LANGUAGE_STANDARD = "gnu++0x";
				CLANG_CXX_LIBRARY = "libc++";
				CLANG_ENABLE_MODULES = YES;
				CLANG_ENABLE_OBJC_ARC = YES;
				CLANG_WARN_BOOL_CONVERSION = YES;
				CLANG_WARN_CONSTANT_CONVERSION = YES;
				CLANG_WARN_DIRECT_OBJC_ISA_USAGE = YES_ERROR;
				CLANG_WARN_DOCUMENTATION_COMMENTS = YES;
				CLANG_WARN_EMPTY_BODY = YES;
				CLANG_WARN_ENUM_CONVERSION = YES;
				CLANG_WARN_INFINITE_RECURSION = YES;
				CLANG_WARN_INT_CONVERSION = YES;
				CLANG_WARN_OBJC_ROOT_CLASS = YES_ERROR;
				CLANG_WARN_SUSPICIOUS_MOVE = YES;
				CLANG_WARN_UNREACHABLE_CODE = YES;
				CLANG_WARN__DUPLICATE_METHOD_MATCH = YES;
				"CODE_SIGN_IDENTITY[sdk=iphoneos*]" = "iPhone Developer";
				COPY_PHASE_STRIP = NO;
				DEBUG_INFORMATION_FORMAT = "dwarf-with-dsym";
				ENABLE_NS_ASSERTIONS = NO;
				ENABLE_STRICT_OBJC_MSGSEND = YES;
				GCC_C_LANGUAGE_STANDARD = gnu99;
				GCC_NO_COMMON_BLOCKS = YES;
				GCC_WARN_64_TO_32_BIT_CONVERSION = YES;
				GCC_WARN_ABOUT_RETURN_TYPE = YES_ERROR;
				GCC_WARN_UNDECLARED_SELECTOR = YES;
				GCC_WARN_UNINITIALIZED_AUTOS = YES_AGGRESSIVE;
				GCC_WARN_UNUSED_FUNCTION = YES;
				GCC_WARN_UNUSED_VARIABLE = YES;
				IPHONEOS_DEPLOYMENT_TARGET = 10.2;
				MTL_ENABLE_DEBUG_INFO = NO;
				SDKROOT = iphoneos;
				SWIFT_OPTIMIZATION_LEVEL = "-Owholemodule";
				VALIDATE_PRODUCT = YES;
			};
			name = Release;
		};
		048FE2A0206E9C7B007CEFCF /* Debug */ = {
			isa = XCBuildConfiguration;
			buildSettings = {
				ASSETCATALOG_COMPILER_APPICON_NAME = AppIcon;
				DEVELOPMENT_TEAM = N87Y59YWEF;
				INFOPLIST_FILE = RxCocoaTest/Info.plist;
				LD_RUNPATH_SEARCH_PATHS = "$(inherited) @executable_path/Frameworks";
				PRODUCT_BUNDLE_IDENTIFIER = com.dimmalysh.RxCocoaTest;
				PRODUCT_NAME = "$(TARGET_NAME)";
				SWIFT_VERSION = 3.0;
			};
			name = Debug;
		};
		048FE2A1206E9C7B007CEFCF /* Release */ = {
			isa = XCBuildConfiguration;
			buildSettings = {
				ASSETCATALOG_COMPILER_APPICON_NAME = AppIcon;
				DEVELOPMENT_TEAM = N87Y59YWEF;
				INFOPLIST_FILE = RxCocoaTest/Info.plist;
				LD_RUNPATH_SEARCH_PATHS = "$(inherited) @executable_path/Frameworks";
				PRODUCT_BUNDLE_IDENTIFIER = com.dimmalysh.RxCocoaTest;
				PRODUCT_NAME = "$(TARGET_NAME)";
				SWIFT_VERSION = 3.0;
			};
			name = Release;
		};
/* End XCBuildConfiguration section */

/* Begin XCConfigurationList section */
		048FE288206E9C7B007CEFCF /* Build configuration list for PBXProject "RxCocoaTest" */ = {
			isa = XCConfigurationList;
			buildConfigurations = (
				048FE29D206E9C7B007CEFCF /* Debug */,
				048FE29E206E9C7B007CEFCF /* Release */,
			);
			defaultConfigurationIsVisible = 0;
			defaultConfigurationName = Release;
		};
		048FE29F206E9C7B007CEFCF /* Build configuration list for PBXNativeTarget "RxCocoaTest" */ = {
			isa = XCConfigurationList;
			buildConfigurations = (
				048FE2A0206E9C7B007CEFCF /* Debug */,
				048FE2A1206E9C7B007CEFCF /* Release */,
			);
			defaultConfigurationIsVisible = 0;
			defaultConfigurationName = Release;
		};
/* End XCConfigurationList section */
	};
	rootObject = 048FE285206E9C7B007CEFCF /* Project object */;
}
